// package-lock.json (auto‑generated by npm
// (sample minimal lock for the dependencies used above))
{
  "name": "tdg",
  "lockfileVersion": 2,
  "requires": true,
  "packages": {
    "": {
      "dependencies": {
        "dotenv": "^16.3.1"
      },
      "devDependencies": {
        "jest": "^29.6.1"
      }
    },
    "node_modules/dotenv": {
      "version": "16.3.1",
      "resolved": "https://registry.npmjs.org/dotenv/-/dotenv-16.3.1.tgz"
    },
    "node_modules/jest": {
      "version": "29.6.1",
      "resolved": "https://registry.npmjs.org/jest/-/jest-29.6.1.tgz"
    }
  },
  "dependencies": {
    "dotenv": {
      "integrity": "sha512-1...==",  // trimmed
      "dev": false
    },
    "jest": {
      "integrity": "sha512-2...=="    // trimmed
    }
  }
}
